
Microsoft Visual Studio Solution File, Format Version 12.00
# Visual Studio Version 16
VisualStudioVersion = 16.0.30413.136
MinimumVisualStudioVersion = 10.0.40219.1
Project("{9A19103F-16F7-4668-BE54-9A1E7A4F7556}") = "GaryNg.Utils.Void", "GaryNg.Utils.Void\GaryNg.Utils.Void.csproj", "{7D247798-805E-41FA-91E3-089E67DD78CA}"
EndProject
Project("{9A19103F-16F7-4668-BE54-9A1E7A4F7556}") = "GaryNg.Utils.Wpf", "GaryNg.Utils.Wpf\GaryNg.Utils.Wpf.csproj", "{86473F81-A881-4ED7-B373-6CD6F31DF8B3}"
EndProject
Project("{9A19103F-16F7-4668-BE54-9A1E7A4F7556}") = "GaryNg.Utils.List", "GaryNg.Utils.List\GaryNg.Utils.List.csproj", "{BF656331-2B86-4EC0-8D94-4A885A8550F1}"
EndProject
Project("{FAE04EC0-301F-11D3-BF4B-00C04F79EFBC}") = "GaryNg.Utils.Enumerable", "GaryNg.Utils.Enumerable\GaryNg.Utils.Enumerable.csproj", "{D2227FAA-C1ED-4354-BF87-022A34F80F06}"
EndProject
Global
	GlobalSection(SolutionConfigurationPlatforms) = preSolution
		Debug|Any CPU = Debug|Any CPU
		Release|Any CPU = Release|Any CPU
	EndGlobalSection
	GlobalSection(ProjectConfigurationPlatforms) = postSolution
		{7D247798-805E-41FA-91E3-089E67DD78CA}.Debug|Any CPU.ActiveCfg = Debug|Any CPU
		{7D247798-805E-41FA-91E3-089E67DD78CA}.Debug|Any CPU.Build.0 = Debug|Any CPU
		{7D247798-805E-41FA-91E3-089E67DD78CA}.Release|Any CPU.ActiveCfg = Release|Any CPU
		{7D247798-805E-41FA-91E3-089E67DD78CA}.Release|Any CPU.Build.0 = Release|Any CPU
		{86473F81-A881-4ED7-B373-6CD6F31DF8B3}.Debug|Any CPU.ActiveCfg = Debug|Any CPU
		{86473F81-A881-4ED7-B373-6CD6F31DF8B3}.Debug|Any CPU.Build.0 = Debug|Any CPU
		{86473F81-A881-4ED7-B373-6CD6F31DF8B3}.Release|Any CPU.ActiveCfg = Release|Any CPU
		{86473F81-A881-4ED7-B373-6CD6F31DF8B3}.Release|Any CPU.Build.0 = Release|Any CPU
		{BF656331-2B86-4EC0-8D94-4A885A8550F1}.Debug|Any CPU.ActiveCfg = Debug|Any CPU
		{BF656331-2B86-4EC0-8D94-4A885A8550F1}.Debug|Any CPU.Build.0 = Debug|Any CPU
		{BF656331-2B86-4EC0-8D94-4A885A8550F1}.Release|Any CPU.ActiveCfg = Release|Any CPU
		{BF656331-2B86-4EC0-8D94-4A885A8550F1}.Release|Any CPU.Build.0 = Release|Any CPU
		{D2227FAA-C1ED-4354-BF87-022A34F80F06}.Debug|Any CPU.ActiveCfg = Debug|Any CPU
		{D2227FAA-C1ED-4354-BF87-022A34F80F06}.Debug|Any CPU.Build.0 = Debug|Any CPU
		{D2227FAA-C1ED-4354-BF87-022A34F80F06}.Release|Any CPU.ActiveCfg = Release|Any CPU
		{D2227FAA-C1ED-4354-BF87-022A34F80F06}.Release|Any CPU.Build.0 = Release|Any CPU
	EndGlobalSection
	GlobalSection(SolutionProperties) = preSolution
		HideSolutionNode = FALSE
	EndGlobalSection
	GlobalSection(ExtensibilityGlobals) = postSolution
		SolutionGuid = {8D731452-F460-4E4C-BA05-E6C5864EF29F}
	EndGlobalSection
EndGlobal
